// !$*UTF8*$!
{
	archiveVersion = 1;
	classes = {
	};
	objectVersion = 50;
	objects = {

/* Begin PBXBuildFile section */
		6715FFD325A1F50700BF7BAA /* UI_95App.swift in Sources */ = {isa = PBXBuildFile; fileRef = 6715FFD225A1F50700BF7BAA /* UI_95App.swift */; };
		6715FFD525A1F50700BF7BAA /* ContentView.swift in Sources */ = {isa = PBXBuildFile; fileRef = 6715FFD425A1F50700BF7BAA /* ContentView.swift */; };
		6715FFD725A1F50900BF7BAA /* Assets.xcassets in Resources */ = {isa = PBXBuildFile; fileRef = 6715FFD625A1F50900BF7BAA /* Assets.xcassets */; };
		6715FFDA25A1F50900BF7BAA /* Preview Assets.xcassets in Resources */ = {isa = PBXBuildFile; fileRef = 6715FFD925A1F50900BF7BAA /* Preview Assets.xcassets */; };
		6715FFE525A1F50900BF7BAA /* UI_95Tests.swift in Sources */ = {isa = PBXBuildFile; fileRef = 6715FFE425A1F50900BF7BAA /* UI_95Tests.swift */; };
		6715FFF025A1F50A00BF7BAA /* UI_95UITests.swift in Sources */ = {isa = PBXBuildFile; fileRef = 6715FFEF25A1F50A00BF7BAA /* UI_95UITests.swift */; };
/* End PBXBuildFile section */

/* Begin PBXContainerItemProxy section */
		6715FFE125A1F50900BF7BAA /* PBXContainerItemProxy */ = {
			isa = PBXContainerItemProxy;
			containerPortal = 6715FFC725A1F50700BF7BAA /* Project object */;
			proxyType = 1;
			remoteGlobalIDString = 6715FFCE25A1F50700BF7BAA;
			remoteInfo = "UI-95";
		};
		6715FFEC25A1F50A00BF7BAA /* PBXContainerItemProxy */ = {
			isa = PBXContainerItemProxy;
			containerPortal = 6715FFC725A1F50700BF7BAA /* Project object */;
			proxyType = 1;
			remoteGlobalIDString = 6715FFCE25A1F50700BF7BAA;
			remoteInfo = "UI-95";
		};
/* End PBXContainerItemProxy section */

/* Begin PBXFileReference section */
		6715FFCF25A1F50700BF7BAA /* UI-95.app */ = {isa = PBXFileReference; explicitFileType = wrapper.application; includeInIndex = 0; path = "UI-95.app"; sourceTree = BUILT_PRODUCTS_DIR; };
		6715FFD225A1F50700BF7BAA /* UI_95App.swift */ = {isa = PBXFileReference; lastKnownFileType = sourcecode.swift; path = UI_95App.swift; sourceTree = "<group>"; };
		6715FFD425A1F50700BF7BAA /* ContentView.swift */ = {isa = PBXFileReference; lastKnownFileType = sourcecode.swift; path = ContentView.swift; sourceTree = "<group>"; };
		6715FFD625A1F50900BF7BAA /* Assets.xcassets */ = {isa = PBXFileReference; lastKnownFileType = folder.assetcatalog; path = Assets.xcassets; sourceTree = "<group>"; };
		6715FFD925A1F50900BF7BAA /* Preview Assets.xcassets */ = {isa = PBXFileReference; lastKnownFileType = folder.assetcatalog; path = "Preview Assets.xcassets"; sourceTree = "<group>"; };
		6715FFDB25A1F50900BF7BAA /* Info.plist */ = {isa = PBXFileReference; lastKnownFileType = text.plist.xml; path = Info.plist; sourceTree = "<group>"; };
		6715FFE025A1F50900BF7BAA /* UI-95Tests.xctest */ = {isa = PBXFileReference; explicitFileType = wrapper.cfbundle; includeInIndex = 0; path = "UI-95Tests.xctest"; sourceTree = BUILT_PRODUCTS_DIR; };
		6715FFE425A1F50900BF7BAA /* UI_95Tests.swift */ = {isa = PBXFileReference; lastKnownFileType = sourcecode.swift; path = UI_95Tests.swift; sourceTree = "<group>"; };
		6715FFE625A1F50900BF7BAA /* Info.plist */ = {isa = PBXFileReference; lastKnownFileType = text.plist.xml; path = Info.plist; sourceTree = "<group>"; };
		6715FFEB25A1F50A00BF7BAA /* UI-95UITests.xctest */ = {isa = PBXFileReference; explicitFileType = wrapper.cfbundle; includeInIndex = 0; path = "UI-95UITests.xctest"; sourceTree = BUILT_PRODUCTS_DIR; };
		6715FFEF25A1F50A00BF7BAA /* UI_95UITests.swift */ = {isa = PBXFileReference; lastKnownFileType = sourcecode.swift; path = UI_95UITests.swift; sourceTree = "<group>"; };
		6715FFF125A1F50A00BF7BAA /* Info.plist */ = {isa = PBXFileReference; lastKnownFileType = text.plist.xml; path = Info.plist; sourceTree = "<group>"; };
/* End PBXFileReference section */

/* Begin PBXFrameworksBuildPhase section */
		6715FFCC25A1F50700BF7BAA /* Frameworks */ = {
			isa = PBXFrameworksBuildPhase;
			buildActionMask = 2147483647;
			files = (
			);
			runOnlyForDeploymentPostprocessing = 0;
		};
		6715FFDD25A1F50900BF7BAA /* Frameworks */ = {
			isa = PBXFrameworksBuildPhase;
			buildActionMask = 2147483647;
			files = (
			);
			runOnlyForDeploymentPostprocessing = 0;
		};
		6715FFE825A1F50A00BF7BAA /* Frameworks */ = {
			isa = PBXFrameworksBuildPhase;
			buildActionMask = 2147483647;
			files = (
			);
			runOnlyForDeploymentPostprocessing = 0;
		};
/* End PBXFrameworksBuildPhase section */

/* Begin PBXGroup section */
		6715FFC625A1F50700BF7BAA = {
			isa = PBXGroup;
			children = (
				6715FFD125A1F50700BF7BAA /* UI-95 */,
				6715FFE325A1F50900BF7BAA /* UI-95Tests */,
				6715FFEE25A1F50A00BF7BAA /* UI-95UITests */,
				6715FFD025A1F50700BF7BAA /* Products */,
			);
			sourceTree = "<group>";
		};
		6715FFD025A1F50700BF7BAA /* Products */ = {
			isa = PBXGroup;
			children = (
				6715FFCF25A1F50700BF7BAA /* UI-95.app */,
				6715FFE025A1F50900BF7BAA /* UI-95Tests.xctest */,
				6715FFEB25A1F50A00BF7BAA /* UI-95UITests.xctest */,
			);
			name = Products;
			sourceTree = "<group>";
		};
		6715FFD125A1F50700BF7BAA /* UI-95 */ = {
			isa = PBXGroup;
			children = (
				6715FFD225A1F50700BF7BAA /* UI_95App.swift */,
				6715FFD425A1F50700BF7BAA /* ContentView.swift */,
				6715FFD625A1F50900BF7BAA /* Assets.xcassets */,
				6715FFDB25A1F50900BF7BAA /* Info.plist */,
				6715FFD825A1F50900BF7BAA /* Preview Content */,
			);
			path = "UI-95";
			sourceTree = "<group>";
		};
		6715FFD825A1F50900BF7BAA /* Preview Content */ = {
			isa = PBXGroup;
			children = (
				6715FFD925A1F50900BF7BAA /* Preview Assets.xcassets */,
			);
			path = "Preview Content";
			sourceTree = "<group>";
		};
		6715FFE325A1F50900BF7BAA /* UI-95Tests */ = {
			isa = PBXGroup;
			children = (
				6715FFE425A1F50900BF7BAA /* UI_95Tests.swift */,
				6715FFE625A1F50900BF7BAA /* Info.plist */,
			);
			path = "UI-95Tests";
			sourceTree = "<group>";
		};
		6715FFEE25A1F50A00BF7BAA /* UI-95UITests */ = {
			isa = PBXGroup;
			children = (
				6715FFEF25A1F50A00BF7BAA /* UI_95UITests.swift */,
				6715FFF125A1F50A00BF7BAA /* Info.plist */,
			);
			path = "UI-95UITests";
			sourceTree = "<group>";
		};
/* End PBXGroup section */

/* Begin PBXNativeTarget section */
		6715FFCE25A1F50700BF7BAA /* UI-95 */ = {
			isa = PBXNativeTarget;
			buildConfigurationList = 6715FFF425A1F50A00BF7BAA /* Build configuration list for PBXNativeTarget "UI-95" */;
			buildPhases = (
				6715FFCB25A1F50700BF7BAA /* Sources */,
				6715FFCC25A1F50700BF7BAA /* Frameworks */,
				6715FFCD25A1F50700BF7BAA /* Resources */,
			);
			buildRules = (
			);
			dependencies = (
			);
			name = "UI-95";
			productName = "UI-95";
			productReference = 6715FFCF25A1F50700BF7BAA /* UI-95.app */;
			productType = "com.apple.product-type.application";
		};
		6715FFDF25A1F50900BF7BAA /* UI-95Tests */ = {
			isa = PBXNativeTarget;
			buildConfigurationList = 6715FFF725A1F50A00BF7BAA /* Build configuration list for PBXNativeTarget "UI-95Tests" */;
			buildPhases = (
				6715FFDC25A1F50900BF7BAA /* Sources */,
				6715FFDD25A1F50900BF7BAA /* Frameworks */,
				6715FFDE25A1F50900BF7BAA /* Resources */,
			);
			buildRules = (
			);
			dependencies = (
				6715FFE225A1F50900BF7BAA /* PBXTargetDependency */,
			);
			name = "UI-95Tests";
			productName = "UI-95Tests";
			productReference = 6715FFE025A1F50900BF7BAA /* UI-95Tests.xctest */;
			productType = "com.apple.product-type.bundle.unit-test";
		};
		6715FFEA25A1F50A00BF7BAA /* UI-95UITests */ = {
			isa = PBXNativeTarget;
			buildConfigurationList = 6715FFFA25A1F50A00BF7BAA /* Build configuration list for PBXNativeTarget "UI-95UITests" */;
			buildPhases = (
				6715FFE725A1F50A00BF7BAA /* Sources */,
				6715FFE825A1F50A00BF7BAA /* Frameworks */,
				6715FFE925A1F50A00BF7BAA /* Resources */,
			);
			buildRules = (
			);
			dependencies = (
				6715FFED25A1F50A00BF7BAA /* PBXTargetDependency */,
			);
			name = "UI-95UITests";
			productName = "UI-95UITests";
			productReference = 6715FFEB25A1F50A00BF7BAA /* UI-95UITests.xctest */;
			productType = "com.apple.product-type.bundle.ui-testing";
		};
/* End PBXNativeTarget section */

/* Begin PBXProject section */
		6715FFC725A1F50700BF7BAA /* Project object */ = {
			isa = PBXProject;
			attributes = {
				LastSwiftUpdateCheck = 1230;
				LastUpgradeCheck = 1230;
				TargetAttributes = {
					6715FFCE25A1F50700BF7BAA = {
						CreatedOnToolsVersion = 12.3;
					};
					6715FFDF25A1F50900BF7BAA = {
						CreatedOnToolsVersion = 12.3;
						TestTargetID = 6715FFCE25A1F50700BF7BAA;
					};
					6715FFEA25A1F50A00BF7BAA = {
						CreatedOnToolsVersion = 12.3;
						TestTargetID = 6715FFCE25A1F50700BF7BAA;
					};
				};
			};
			buildConfigurationList = 6715FFCA25A1F50700BF7BAA /* Build configuration list for PBXProject "UI-95" */;
			compatibilityVersion = "Xcode 9.3";
			developmentRegion = en;
			hasScannedForEncodings = 0;
			knownRegions = (
				en,
				Base,
			);
			mainGroup = 6715FFC625A1F50700BF7BAA;
			productRefGroup = 6715FFD025A1F50700BF7BAA /* Products */;
			projectDirPath = "";
			projectRoot = "";
			targets = (
				6715FFCE25A1F50700BF7BAA /* UI-95 */,
				6715FFDF25A1F50900BF7BAA /* UI-95Tests */,
				6715FFEA25A1F50A00BF7BAA /* UI-95UITests */,
			);
		};
/* End PBXProject section */

/* Begin PBXResourcesBuildPhase section */
		6715FFCD25A1F50700BF7BAA /* Resources */ = {
			isa = PBXResourcesBuildPhase;
			buildActionMask = 2147483647;
			files = (
				6715FFDA25A1F50900BF7BAA /* Preview Assets.xcassets in Resources */,
				6715FFD725A1F50900BF7BAA /* Assets.xcassets in Resources */,
			);
			runOnlyForDeploymentPostprocessing = 0;
		};
		6715FFDE25A1F50900BF7BAA /* Resources */ = {
			isa = PBXResourcesBuildPhase;
			buildActionMask = 2147483647;
			files = (
			);
			runOnlyForDeploymentPostprocessing = 0;
		};
		6715FFE925A1F50A00BF7BAA /* Resources */ = {
			isa = PBXResourcesBuildPhase;
			buildActionMask = 2147483647;
			files = (
			);
			runOnlyForDeploymentPostprocessing = 0;
		};
/* End PBXResourcesBuildPhase section */

/* Begin PBXSourcesBuildPhase section */
		6715FFCB25A1F50700BF7BAA /* Sources */ = {
			isa = PBXSourcesBuildPhase;
			buildActionMask = 2147483647;
			files = (
				6715FFD525A1F50700BF7BAA /* ContentView.swift in Sources */,
				6715FFD325A1F50700BF7BAA /* UI_95App.swift in Sources */,
			);
			runOnlyForDeploymentPostprocessing = 0;
		};
		6715FFDC25A1F50900BF7BAA /* Sources */ = {
			isa = PBXSourcesBuildPhase;
			buildActionMask = 2147483647;
			files = (
				6715FFE525A1F50900BF7BAA /* UI_95Tests.swift in Sources */,
			);
			runOnlyForDeploymentPostprocessing = 0;
		};
		6715FFE725A1F50A00BF7BAA /* Sources */ = {
			isa = PBXSourcesBuildPhase;
			buildActionMask = 2147483647;
			files = (
				6715FFF025A1F50A00BF7BAA /* UI_95UITests.swift in Sources */,
			);
			runOnlyForDeploymentPostprocessing = 0;
		};
/* End PBXSourcesBuildPhase section */

/* Begin PBXTargetDependency section */
		6715FFE225A1F50900BF7BAA /* PBXTargetDependency */ = {
			isa = PBXTargetDependency;
			target = 6715FFCE25A1F50700BF7BAA /* UI-95 */;
			targetProxy = 6715FFE125A1F50900BF7BAA /* PBXContainerItemProxy */;
		};
		6715FFED25A1F50A00BF7BAA /* PBXTargetDependency */ = {
			isa = PBXTargetDependency;
			target = 6715FFCE25A1F50700BF7BAA /* UI-95 */;
			targetProxy = 6715FFEC25A1F50A00BF7BAA /* PBXContainerItemProxy */;
		};
/* End PBXTargetDependency section */

/* Begin XCBuildConfiguration section */
		6715FFF225A1F50A00BF7BAA /* Debug */ = {
			isa = XCBuildConfiguration;
			buildSettings = {
				ALWAYS_SEARCH_USER_PATHS = NO;
				CLANG_ANALYZER_NONNULL = YES;
				CLANG_ANALYZER_NUMBER_OBJECT_CONVERSION = YES_AGGRESSIVE;
				CLANG_CXX_LANGUAGE_STANDARD = "gnu++14";
				CLANG_CXX_LIBRARY = "libc++";
				CLANG_ENABLE_MODULES = YES;
				CLANG_ENABLE_OBJC_ARC = YES;
				CLANG_ENABLE_OBJC_WEAK = YES;
				CLANG_WARN_BLOCK_CAPTURE_AUTORELEASING = YES;
				CLANG_WARN_BOOL_CONVERSION = YES;
				CLANG_WARN_COMMA = YES;
				CLANG_WARN_CONSTANT_CONVERSION = YES;
				CLANG_WARN_DEPRECATED_OBJC_IMPLEMENTATIONS = YES;
				CLANG_WARN_DIRECT_OBJC_ISA_USAGE = YES_ERROR;
				CLANG_WARN_DOCUMENTATION_COMMENTS = YES;
				CLANG_WARN_EMPTY_BODY = YES;
				CLANG_WARN_ENUM_CONVERSION = YES;
				CLANG_WARN_INFINITE_RECURSION = YES;
				CLANG_WARN_INT_CONVERSION = YES;
				CLANG_WARN_NON_LITERAL_NULL_CONVERSION = YES;
				CLANG_WARN_OBJC_IMPLICIT_RETAIN_SELF = YES;
				CLANG_WARN_OBJC_LITERAL_CONVERSION = YES;
				CLANG_WARN_OBJC_ROOT_CLASS = YES_ERROR;
				CLANG_WARN_QUOTED_INCLUDE_IN_FRAMEWORK_HEADER = YES;
				CLANG_WARN_RANGE_LOOP_ANALYSIS = YES;
				CLANG_WARN_STRICT_PROTOTYPES = YES;
				CLANG_WARN_SUSPICIOUS_MOVE = YES;
				CLANG_WARN_UNGUARDED_AVAILABILITY = YES_AGGRESSIVE;
				CLANG_WARN_UNREACHABLE_CODE = YES;
				CLANG_WARN__DUPLICATE_METHOD_MATCH = YES;
				COPY_PHASE_STRIP = NO;
				DEBUG_INFORMATION_FORMAT = dwarf;
				ENABLE_STRICT_OBJC_MSGSEND = YES;
				ENABLE_TESTABILITY = YES;
				GCC_C_LANGUAGE_STANDARD = gnu11;
				GCC_DYNAMIC_NO_PIC = NO;
				GCC_NO_COMMON_BLOCKS = YES;
				GCC_OPTIMIZATION_LEVEL = 0;
				GCC_PREPROCESSOR_DEFINITIONS = (
					"DEBUG=1",
					"$(inherited)",
				);
				GCC_WARN_64_TO_32_BIT_CONVERSION = YES;
				GCC_WARN_ABOUT_RETURN_TYPE = YES_ERROR;
				GCC_WARN_UNDECLARED_SELECTOR = YES;
				GCC_WARN_UNINITIALIZED_AUTOS = YES_AGGRESSIVE;
				GCC_WARN_UNUSED_FUNCTION = YES;
				GCC_WARN_UNUSED_VARIABLE = YES;
				IPHONEOS_DEPLOYMENT_TARGET = 14.3;
				MTL_ENABLE_DEBUG_INFO = INCLUDE_SOURCE;
				MTL_FAST_MATH = YES;
				ONLY_ACTIVE_ARCH = YES;
				SDKROOT = iphoneos;
				SWIFT_ACTIVE_COMPILATION_CONDITIONS = DEBUG;
				SWIFT_OPTIMIZATION_LEVEL = "-Onone";
			};
			name = Debug;
		};
		6715FFF325A1F50A00BF7BAA /* Release */ = {
			isa = XCBuildConfiguration;
			buildSettings = {
				ALWAYS_SEARCH_USER_PATHS = NO;
				CLANG_ANALYZER_NONNULL = YES;
				CLANG_ANALYZER_NUMBER_OBJECT_CONVERSION = YES_AGGRESSIVE;
				CLANG_CXX_LANGUAGE_STANDARD = "gnu++14";
				CLANG_CXX_LIBRARY = "libc++";
				CLANG_ENABLE_MODULES = YES;
				CLANG_ENABLE_OBJC_ARC = YES;
				CLANG_ENABLE_OBJC_WEAK = YES;
				CLANG_WARN_BLOCK_CAPTURE_AUTORELEASING = YES;
				CLANG_WARN_BOOL_CONVERSION = YES;
				CLANG_WARN_COMMA = YES;
				CLANG_WARN_CONSTANT_CONVERSION = YES;
				CLANG_WARN_DEPRECATED_OBJC_IMPLEMENTATIONS = YES;
				CLANG_WARN_DIRECT_OBJC_ISA_USAGE = YES_ERROR;
				CLANG_WARN_DOCUMENTATION_COMMENTS = YES;
				CLANG_WARN_EMPTY_BODY = YES;
				CLANG_WARN_ENUM_CONVERSION = YES;
				CLANG_WARN_INFINITE_RECURSION = YES;
				CLANG_WARN_INT_CONVERSION = YES;
				CLANG_WARN_NON_LITERAL_NULL_CONVERSION = YES;
				CLANG_WARN_OBJC_IMPLICIT_RETAIN_SELF = YES;
				CLANG_WARN_OBJC_LITERAL_CONVERSION = YES;
				CLANG_WARN_OBJC_ROOT_CLASS = YES_ERROR;
				CLANG_WARN_QUOTED_INCLUDE_IN_FRAMEWORK_HEADER = YES;
				CLANG_WARN_RANGE_LOOP_ANALYSIS = YES;
				CLANG_WARN_STRICT_PROTOTYPES = YES;
				CLANG_WARN_SUSPICIOUS_MOVE = YES;
				CLANG_WARN_UNGUARDED_AVAILABILITY = YES_AGGRESSIVE;
				CLANG_WARN_UNREACHABLE_CODE = YES;
				CLANG_WARN__DUPLICATE_METHOD_MATCH = YES;
				COPY_PHASE_STRIP = NO;
				DEBUG_INFORMATION_FORMAT = "dwarf-with-dsym";
				ENABLE_NS_ASSERTIONS = NO;
				ENABLE_STRICT_OBJC_MSGSEND = YES;
				GCC_C_LANGUAGE_STANDARD = gnu11;
				GCC_NO_COMMON_BLOCKS = YES;
				GCC_WARN_64_TO_32_BIT_CONVERSION = YES;
				GCC_WARN_ABOUT_RETURN_TYPE = YES_ERROR;
				GCC_WARN_UNDECLARED_SELECTOR = YES;
				GCC_WARN_UNINITIALIZED_AUTOS = YES_AGGRESSIVE;
				GCC_WARN_UNUSED_FUNCTION = YES;
				GCC_WARN_UNUSED_VARIABLE = YES;
				IPHONEOS_DEPLOYMENT_TARGET = 14.3;
				MTL_ENABLE_DEBUG_INFO = NO;
				MTL_FAST_MATH = YES;
				SDKROOT = iphoneos;
				SWIFT_COMPILATION_MODE = wholemodule;
				SWIFT_OPTIMIZATION_LEVEL = "-O";
				VALIDATE_PRODUCT = YES;
			};
			name = Release;
		};
		6715FFF525A1F50A00BF7BAA /* Debug */ = {
			isa = XCBuildConfiguration;
			buildSettings = {
				ASSETCATALOG_COMPILER_APPICON_NAME = AppIcon;
				ASSETCATALOG_COMPILER_GLOBAL_ACCENT_COLOR_NAME = AccentColor;
				CODE_SIGN_STYLE = Automatic;
				DEVELOPMENT_ASSET_PATHS = "\"UI-95/Preview Content\"";
				ENABLE_PREVIEWS = YES;
				INFOPLIST_FILE = "UI-95/Info.plist";
				IPHONEOS_DEPLOYMENT_TARGET = 14.0;
				LD_RUNPATH_SEARCH_PATHS = (
					"$(inherited)",
					"@executable_path/Frameworks",
				);
				PRODUCT_BUNDLE_IDENTIFIER = "com.uzu.UI-95";
				PRODUCT_NAME = "$(TARGET_NAME)";
				SWIFT_VERSION = 5.0;
				TARGETED_DEVICE_FAMILY = "1,2";
			};
			name = Debug;
		};
		6715FFF625A1F50A00BF7BAA /* Release */ = {
			isa = XCBuildConfiguration;
			buildSettings = {
				ASSETCATALOG_COMPILER_APPICON_NAME = AppIcon;
				ASSETCATALOG_COMPILER_GLOBAL_ACCENT_COLOR_NAME = AccentColor;
				CODE_SIGN_STYLE = Automatic;
				DEVELOPMENT_ASSET_PATHS = "\"UI-95/Preview Content\"";
				ENABLE_PREVIEWS = YES;
				INFOPLIST_FILE = "UI-95/Info.plist";
				IPHONEOS_DEPLOYMENT_TARGET = 14.0;
				LD_RUNPATH_SEARCH_PATHS = (
					"$(inherited)",
					"@executable_path/Frameworks",
				);
				PRODUCT_BUNDLE_IDENTIFIER = "com.uzu.UI-95";
				PRODUCT_NAME = "$(TARGET_NAME)";
				SWIFT_VERSION = 5.0;
				TARGETED_DEVICE_FAMILY = "1,2";
			};
			name = Release;
		};
		6715FFF825A1F50A00BF7BAA /* Debug */ = {
			isa = XCBuildConfiguration;
			buildSettings = {
				ALWAYS_EMBED_SWIFT_STANDARD_LIBRARIES = YES;
				BUNDLE_LOADER = "$(TEST_HOST)";
				CODE_SIGN_STYLE = Automatic;
				INFOPLIST_FILE = "UI-95Tests/Info.plist";
				IPHONEOS_DEPLOYMENT_TARGET = 14.0;
				LD_RUNPATH_SEARCH_PATHS = (
					"$(inherited)",
					"@executable_path/Frameworks",
					"@loader_path/Frameworks",
				);
				PRODUCT_BUNDLE_IDENTIFIER = "com.uzu.UI-95Tests";
				PRODUCT_NAME = "$(TARGET_NAME)";
				SWIFT_VERSION = 5.0;
				TARGETED_DEVICE_FAMILY = "1,2";
				TEST_HOST = "$(BUILT_PRODUCTS_DIR)/UI-95.app/UI-95";
			};
			name = Debug;
		};
		6715FFF925A1F50A00BF7BAA /* Release */ = {
			isa = XCBuildConfiguration;
			buildSettings = {
				ALWAYS_EMBED_SWIFT_STANDARD_LIBRARIES = YES;
				BUNDLE_LOADER = "$(TEST_HOST)";
				CODE_SIGN_STYLE = Automatic;
				INFOPLIST_FILE = "UI-95Tests/Info.plist";
				IPHONEOS_DEPLOYMENT_TARGET = 14.0;
				LD_RUNPATH_SEARCH_PATHS = (
					"$(inherited)",
					"@executable_path/Frameworks",
					"@loader_path/Frameworks",
				);
				PRODUCT_BUNDLE_IDENTIFIER = "com.uzu.UI-95Tests";
				PRODUCT_NAME = "$(TARGET_NAME)";
				SWIFT_VERSION = 5.0;
				TARGETED_DEVICE_FAMILY = "1,2";
				TEST_HOST = "$(BUILT_PRODUCTS_DIR)/UI-95.app/UI-95";
			};
			name = Release;
		};
		6715FFFB25A1F50A00BF7BAA /* Debug */ = {
			isa = XCBuildConfiguration;
			buildSettings = {
				ALWAYS_EMBED_SWIFT_STANDARD_LIBRARIES = YES;
				CODE_SIGN_STYLE = Automatic;
				INFOPLIST_FILE = "UI-95UITests/Info.plist";
				LD_RUNPATH_SEARCH_PATHS = (
					"$(inherited)",
					"@executable_path/Frameworks",
					"@loader_path/Frameworks",
				);
				PRODUCT_BUNDLE_IDENTIFIER = "com.uzu.UI-95UITests";
				PRODUCT_NAME = "$(TARGET_NAME)";
				SWIFT_VERSION = 5.0;
				TARGETED_DEVICE_FAMILY = "1,2";
				TEST_TARGET_NAME = "UI-95";
			};
			name = Debug;
		};
		6715FFFC25A1F50A00BF7BAA /* Release */ = {
			isa = XCBuildConfiguration;
			buildSettings = {
				ALWAYS_EMBED_SWIFT_STANDARD_LIBRARIES = YES;
				CODE_SIGN_STYLE = Automatic;
				INFOPLIST_FILE = "UI-95UITests/Info.plist";
				LD_RUNPATH_SEARCH_PATHS = (
					"$(inherited)",
					"@executable_path/Frameworks",
					"@loader_path/Frameworks",
				);
				PRODUCT_BUNDLE_IDENTIFIER = "com.uzu.UI-95UITests";
				PRODUCT_NAME = "$(TARGET_NAME)";
				SWIFT_VERSION = 5.0;
				TARGETED_DEVICE_FAMILY = "1,2";
				TEST_TARGET_NAME = "UI-95";
			};
			name = Release;
		};
/* End XCBuildConfiguration section */

/* Begin XCConfigurationList section */
		6715FFCA25A1F50700BF7BAA /* Build configuration list for PBXProject "UI-95" */ = {
			isa = XCConfigurationList;
			buildConfigurations = (
				6715FFF225A1F50A00BF7BAA /* Debug */,
				6715FFF325A1F50A00BF7BAA /* Release */,
			);
			defaultConfigurationIsVisible = 0;
			defaultConfigurationName = Release;
		};
		6715FFF425A1F50A00BF7BAA /* Build configuration list for PBXNativeTarget "UI-95" */ = {
			isa = XCConfigurationList;
			buildConfigurations = (
				6715FFF525A1F50A00BF7BAA /* Debug */,
				6715FFF625A1F50A00BF7BAA /* Release */,
			);
			defaultConfigurationIsVisible = 0;
			defaultConfigurationName = Release;
		};
		6715FFF725A1F50A00BF7BAA /* Build configuration list for PBXNativeTarget "UI-95Tests" */ = {
			isa = XCConfigurationList;
			buildConfigurations = (
				6715FFF825A1F50A00BF7BAA /* Debug */,
				6715FFF925A1F50A00BF7BAA /* Release */,
			);
			defaultConfigurationIsVisible = 0;
			defaultConfigurationName = Release;
		};
		6715FFFA25A1F50A00BF7BAA /* Build configuration list for PBXNativeTarget "UI-95UITests" */ = {
			isa = XCConfigurationList;
			buildConfigurations = (
				6715FFFB25A1F50A00BF7BAA /* Debug */,
				6715FFFC25A1F50A00BF7BAA /* Release */,
			);
			defaultConfigurationIsVisible = 0;
			defaultConfigurationName = Release;
		};
/* End XCConfigurationList section */
	};
	rootObject = 6715FFC725A1F50700BF7BAA /* Project object */;
}
